// !$*UTF8*$!
{
	archiveVersion = 1;
	classes = {
	};
	objectVersion = 77;
	objects = {

/* Begin PBXBuildFile section */
		7116F8082E874DE100A1C368 /* Clerk in Frameworks */ = {isa = PBXBuildFile; productRef = 7116F8072E874DE100A1C368 /* Clerk */; };
		7116F80B2E874E1B00A1C368 /* RevenueCat in Frameworks */ = {isa = PBXBuildFile; productRef = 7116F80A2E874E1B00A1C368 /* RevenueCat */; };
		7116F80D2E874E1B00A1C368 /* RevenueCatUI in Frameworks */ = {isa = PBXBuildFile; productRef = 7116F80C2E874E1B00A1C368 /* RevenueCatUI */; };
		7123D1B92E933150000373C2 /* WidgetKit.framework in Frameworks */ = {isa = PBXBuildFile; fileRef = 7123D1B82E933150000373C2 /* WidgetKit.framework */; };
		7123D1BB2E933150000373C2 /* SwiftUI.framework in Frameworks */ = {isa = PBXBuildFile; fileRef = 7123D1BA2E933150000373C2 /* SwiftUI.framework */; };
		7123D1C82E933151000373C2 /* SavedWidgetExtension.appex in Embed Foundation Extensions */ = {isa = PBXBuildFile; fileRef = 7123D1B62E933150000373C2 /* SavedWidgetExtension.appex */; settings = {ATTRIBUTES = (RemoveHeadersOnCopy, ); }; };
		716D2C262E6CD23E00E4118D /* GoogleSignIn in Frameworks */ = {isa = PBXBuildFile; productRef = 716D2C252E6CD23E00E4118D /* GoogleSignIn */; };
		716D2C282E6CD23E00E4118D /* GoogleSignInSwift in Frameworks */ = {isa = PBXBuildFile; productRef = 716D2C272E6CD23E00E4118D /* GoogleSignInSwift */; };
		716D2C2B2E6CD24B00E4118D /* PostHog in Frameworks */ = {isa = PBXBuildFile; productRef = 716D2C2A2E6CD24B00E4118D /* PostHog */; };
		71880EA52E6DDE0A003DE6DE /* Auth in Frameworks */ = {isa = PBXBuildFile; productRef = 71880EA42E6DDE0A003DE6DE /* Auth */; };
		71880EA72E6DDE0A003DE6DE /* Functions in Frameworks */ = {isa = PBXBuildFile; productRef = 71880EA62E6DDE0A003DE6DE /* Functions */; };
		71880EA92E6DDE0A003DE6DE /* PostgREST in Frameworks */ = {isa = PBXBuildFile; productRef = 71880EA82E6DDE0A003DE6DE /* PostgREST */; };
		71880EAB2E6DDE0A003DE6DE /* Realtime in Frameworks */ = {isa = PBXBuildFile; productRef = 71880EAA2E6DDE0A003DE6DE /* Realtime */; };
		71880EAD2E6DDE0A003DE6DE /* Storage in Frameworks */ = {isa = PBXBuildFile; productRef = 71880EAC2E6DDE0A003DE6DE /* Storage */; };
		71880EAF2E6DDE0A003DE6DE /* Supabase in Frameworks */ = {isa = PBXBuildFile; productRef = 71880EAE2E6DDE0A003DE6DE /* Supabase */; };
		71B59EED2E90768B00B3F65B /* FirebaseAnalytics in Frameworks */ = {isa = PBXBuildFile; productRef = 71B59EEC2E90768B00B3F65B /* FirebaseAnalytics */; };
		71B59EEF2E90768B00B3F65B /* FirebaseInAppMessaging-Beta in Frameworks */ = {isa = PBXBuildFile; productRef = 71B59EEE2E90768B00B3F65B /* FirebaseInAppMessaging-Beta */; };
		71B59EF12E90768B00B3F65B /* FirebaseMessaging in Frameworks */ = {isa = PBXBuildFile; productRef = 71B59EF02E90768B00B3F65B /* FirebaseMessaging */; };
/* End PBXBuildFile section */

/* Begin PBXContainerItemProxy section */
		7111C8512E663F700023BA6F /* PBXContainerItemProxy */ = {
			isa = PBXContainerItemProxy;
			containerPortal = 7111C8372E663F6F0023BA6F /* Project object */;
			proxyType = 1;
			remoteGlobalIDString = 7111C83E2E663F6F0023BA6F;
			remoteInfo = meetcal;
		};
		7111C85B2E663F700023BA6F /* PBXContainerItemProxy */ = {
			isa = PBXContainerItemProxy;
			containerPortal = 7111C8372E663F6F0023BA6F /* Project object */;
			proxyType = 1;
			remoteGlobalIDString = 7111C83E2E663F6F0023BA6F;
			remoteInfo = meetcal;
		};
		7123D1C62E933151000373C2 /* PBXContainerItemProxy */ = {
			isa = PBXContainerItemProxy;
			containerPortal = 7111C8372E663F6F0023BA6F /* Project object */;
			proxyType = 1;
			remoteGlobalIDString = 7123D1B52E933150000373C2;
			remoteInfo = SavedWidgetExtension;
		};
/* End PBXContainerItemProxy section */

/* Begin PBXCopyFilesBuildPhase section */
		7123D1C92E933151000373C2 /* Embed Foundation Extensions */ = {
			isa = PBXCopyFilesBuildPhase;
			buildActionMask = 2147483647;
			dstPath = "";
			dstSubfolderSpec = 13;
			files = (
				7123D1C82E933151000373C2 /* SavedWidgetExtension.appex in Embed Foundation Extensions */,
			);
			name = "Embed Foundation Extensions";
			runOnlyForDeploymentPostprocessing = 0;
		};
/* End PBXCopyFilesBuildPhase section */

/* Begin PBXFileReference section */
		7111C83F2E663F6F0023BA6F /* meetcal.app */ = {isa = PBXFileReference; explicitFileType = wrapper.application; includeInIndex = 0; path = meetcal.app; sourceTree = BUILT_PRODUCTS_DIR; };
		7111C8502E663F700023BA6F /* meetcalTests.xctest */ = {isa = PBXFileReference; explicitFileType = wrapper.cfbundle; includeInIndex = 0; path = meetcalTests.xctest; sourceTree = BUILT_PRODUCTS_DIR; };
		7111C85A2E663F700023BA6F /* meetcalUITests.xctest */ = {isa = PBXFileReference; explicitFileType = wrapper.cfbundle; includeInIndex = 0; path = meetcalUITests.xctest; sourceTree = BUILT_PRODUCTS_DIR; };
		7123D1B62E933150000373C2 /* SavedWidgetExtension.appex */ = {isa = PBXFileReference; explicitFileType = "wrapper.app-extension"; includeInIndex = 0; path = SavedWidgetExtension.appex; sourceTree = BUILT_PRODUCTS_DIR; };
		7123D1B82E933150000373C2 /* WidgetKit.framework */ = {isa = PBXFileReference; lastKnownFileType = wrapper.framework; name = WidgetKit.framework; path = System/Library/Frameworks/WidgetKit.framework; sourceTree = SDKROOT; };
		7123D1BA2E933150000373C2 /* SwiftUI.framework */ = {isa = PBXFileReference; lastKnownFileType = wrapper.framework; name = SwiftUI.framework; path = System/Library/Frameworks/SwiftUI.framework; sourceTree = SDKROOT; };
		7123D1D02E946250000373C2 /* SavedWidgetExtension.entitlements */ = {isa = PBXFileReference; lastKnownFileType = text.plist.entitlements; path = SavedWidgetExtension.entitlements; sourceTree = "<group>"; };
		71B59F622E90885800B3F65B /* Config.xcconfig */ = {isa = PBXFileReference; lastKnownFileType = text.xcconfig; path = Config.xcconfig; sourceTree = "<group>"; };
/* End PBXFileReference section */

/* Begin PBXFileSystemSynchronizedBuildFileExceptionSet section */
		7111C8622E663F700023BA6F /* Exceptions for "meetcal" folder in "meetcal" target */ = {
			isa = PBXFileSystemSynchronizedBuildFileExceptionSet;
			membershipExceptions = (
				Info.plist,
			);
			target = 7111C83E2E663F6F0023BA6F /* meetcal */;
		};
		7123D1CD2E933151000373C2 /* Exceptions for "SavedWidget" folder in "SavedWidgetExtension" target */ = {
			isa = PBXFileSystemSynchronizedBuildFileExceptionSet;
			membershipExceptions = (
				Info.plist,
			);
			target = 7123D1B52E933150000373C2 /* SavedWidgetExtension */;
		};
/* End PBXFileSystemSynchronizedBuildFileExceptionSet section */

/* Begin PBXFileSystemSynchronizedRootGroup section */
		7111C8412E663F6F0023BA6F /* meetcal */ = {
			isa = PBXFileSystemSynchronizedRootGroup;
			exceptions = (
				7111C8622E663F700023BA6F /* Exceptions for "meetcal" folder in "meetcal" target */,
			);
			path = meetcal;
			sourceTree = "<group>";
		};
		7111C8532E663F700023BA6F /* meetcalTests */ = {
			isa = PBXFileSystemSynchronizedRootGroup;
			path = meetcalTests;
			sourceTree = "<group>";
		};
		7111C85D2E663F700023BA6F /* meetcalUITests */ = {
			isa = PBXFileSystemSynchronizedRootGroup;
			path = meetcalUITests;
			sourceTree = "<group>";
		};
		7123D1BC2E933150000373C2 /* SavedWidget */ = {
			isa = PBXFileSystemSynchronizedRootGroup;
			exceptions = (
				7123D1CD2E933151000373C2 /* Exceptions for "SavedWidget" folder in "SavedWidgetExtension" target */,
			);
			path = SavedWidget;
			sourceTree = "<group>";
		};
/* End PBXFileSystemSynchronizedRootGroup section */

/* Begin PBXFrameworksBuildPhase section */
		7111C83C2E663F6F0023BA6F /* Frameworks */ = {
			isa = PBXFrameworksBuildPhase;
			buildActionMask = 2147483647;
			files = (
				7116F8082E874DE100A1C368 /* Clerk in Frameworks */,
				71B59EEF2E90768B00B3F65B /* FirebaseInAppMessaging-Beta in Frameworks */,
				71880EAB2E6DDE0A003DE6DE /* Realtime in Frameworks */,
				71880EA92E6DDE0A003DE6DE /* PostgREST in Frameworks */,
				71880EA72E6DDE0A003DE6DE /* Functions in Frameworks */,
				71B59EED2E90768B00B3F65B /* FirebaseAnalytics in Frameworks */,
				7116F80B2E874E1B00A1C368 /* RevenueCat in Frameworks */,
				716D2C2B2E6CD24B00E4118D /* PostHog in Frameworks */,
				71880EAD2E6DDE0A003DE6DE /* Storage in Frameworks */,
				71880EAF2E6DDE0A003DE6DE /* Supabase in Frameworks */,
				7116F80D2E874E1B00A1C368 /* RevenueCatUI in Frameworks */,
				716D2C262E6CD23E00E4118D /* GoogleSignIn in Frameworks */,
				71B59EF12E90768B00B3F65B /* FirebaseMessaging in Frameworks */,
				71880EA52E6DDE0A003DE6DE /* Auth in Frameworks */,
				716D2C282E6CD23E00E4118D /* GoogleSignInSwift in Frameworks */,
			);
			runOnlyForDeploymentPostprocessing = 0;
		};
		7111C84D2E663F700023BA6F /* Frameworks */ = {
			isa = PBXFrameworksBuildPhase;
			buildActionMask = 2147483647;
			files = (
			);
			runOnlyForDeploymentPostprocessing = 0;
		};
		7111C8572E663F700023BA6F /* Frameworks */ = {
			isa = PBXFrameworksBuildPhase;
			buildActionMask = 2147483647;
			files = (
			);
			runOnlyForDeploymentPostprocessing = 0;
		};
		7123D1B32E933150000373C2 /* Frameworks */ = {
			isa = PBXFrameworksBuildPhase;
			buildActionMask = 2147483647;
			files = (
				7123D1BB2E933150000373C2 /* SwiftUI.framework in Frameworks */,
				7123D1B92E933150000373C2 /* WidgetKit.framework in Frameworks */,
			);
			runOnlyForDeploymentPostprocessing = 0;
		};
/* End PBXFrameworksBuildPhase section */

/* Begin PBXGroup section */
		7111C8362E663F6F0023BA6F = {
			isa = PBXGroup;
			children = (
				7123D1D02E946250000373C2 /* SavedWidgetExtension.entitlements */,
				71B59F622E90885800B3F65B /* Config.xcconfig */,
				7111C8412E663F6F0023BA6F /* meetcal */,
				7111C8532E663F700023BA6F /* meetcalTests */,
				7111C85D2E663F700023BA6F /* meetcalUITests */,
				7123D1BC2E933150000373C2 /* SavedWidget */,
				7123D1B72E933150000373C2 /* Frameworks */,
				7111C8402E663F6F0023BA6F /* Products */,
			);
			sourceTree = "<group>";
		};
		7111C8402E663F6F0023BA6F /* Products */ = {
			isa = PBXGroup;
			children = (
				7111C83F2E663F6F0023BA6F /* meetcal.app */,
				7111C8502E663F700023BA6F /* meetcalTests.xctest */,
				7111C85A2E663F700023BA6F /* meetcalUITests.xctest */,
				7123D1B62E933150000373C2 /* SavedWidgetExtension.appex */,
			);
			name = Products;
			sourceTree = "<group>";
		};
		7123D1B72E933150000373C2 /* Frameworks */ = {
			isa = PBXGroup;
			children = (
				7123D1B82E933150000373C2 /* WidgetKit.framework */,
				7123D1BA2E933150000373C2 /* SwiftUI.framework */,
			);
			name = Frameworks;
			sourceTree = "<group>";
		};
/* End PBXGroup section */

/* Begin PBXNativeTarget section */
		7111C83E2E663F6F0023BA6F /* meetcal */ = {
			isa = PBXNativeTarget;
			buildConfigurationList = 7111C8632E663F700023BA6F /* Build configuration list for PBXNativeTarget "meetcal" */;
			buildPhases = (
				7111C83B2E663F6F0023BA6F /* Sources */,
				7111C83C2E663F6F0023BA6F /* Frameworks */,
				7111C83D2E663F6F0023BA6F /* Resources */,
				7123D1C92E933151000373C2 /* Embed Foundation Extensions */,
			);
			buildRules = (
			);
			dependencies = (
				7123D1C72E933151000373C2 /* PBXTargetDependency */,
			);
			fileSystemSynchronizedGroups = (
				7111C8412E663F6F0023BA6F /* meetcal */,
			);
			name = meetcal;
			packageProductDependencies = (
				716D2C252E6CD23E00E4118D /* GoogleSignIn */,
				716D2C272E6CD23E00E4118D /* GoogleSignInSwift */,
				716D2C2A2E6CD24B00E4118D /* PostHog */,
				71880EA42E6DDE0A003DE6DE /* Auth */,
				71880EA62E6DDE0A003DE6DE /* Functions */,
				71880EA82E6DDE0A003DE6DE /* PostgREST */,
				71880EAA2E6DDE0A003DE6DE /* Realtime */,
				71880EAC2E6DDE0A003DE6DE /* Storage */,
				71880EAE2E6DDE0A003DE6DE /* Supabase */,
				7116F8072E874DE100A1C368 /* Clerk */,
				7116F80A2E874E1B00A1C368 /* RevenueCat */,
				7116F80C2E874E1B00A1C368 /* RevenueCatUI */,
				71B59EEC2E90768B00B3F65B /* FirebaseAnalytics */,
				71B59EEE2E90768B00B3F65B /* FirebaseInAppMessaging-Beta */,
				71B59EF02E90768B00B3F65B /* FirebaseMessaging */,
			);
			productName = meetcal;
			productReference = 7111C83F2E663F6F0023BA6F /* meetcal.app */;
			productType = "com.apple.product-type.application";
		};
		7111C84F2E663F700023BA6F /* meetcalTests */ = {
			isa = PBXNativeTarget;
			buildConfigurationList = 7111C8682E663F700023BA6F /* Build configuration list for PBXNativeTarget "meetcalTests" */;
			buildPhases = (
				7111C84C2E663F700023BA6F /* Sources */,
				7111C84D2E663F700023BA6F /* Frameworks */,
				7111C84E2E663F700023BA6F /* Resources */,
			);
			buildRules = (
			);
			dependencies = (
				7111C8522E663F700023BA6F /* PBXTargetDependency */,
			);
			fileSystemSynchronizedGroups = (
				7111C8532E663F700023BA6F /* meetcalTests */,
			);
			name = meetcalTests;
			packageProductDependencies = (
			);
			productName = meetcalTests;
			productReference = 7111C8502E663F700023BA6F /* meetcalTests.xctest */;
			productType = "com.apple.product-type.bundle.unit-test";
		};
		7111C8592E663F700023BA6F /* meetcalUITests */ = {
			isa = PBXNativeTarget;
			buildConfigurationList = 7111C86B2E663F700023BA6F /* Build configuration list for PBXNativeTarget "meetcalUITests" */;
			buildPhases = (
				7111C8562E663F700023BA6F /* Sources */,
				7111C8572E663F700023BA6F /* Frameworks */,
				7111C8582E663F700023BA6F /* Resources */,
			);
			buildRules = (
			);
			dependencies = (
				7111C85C2E663F700023BA6F /* PBXTargetDependency */,
			);
			fileSystemSynchronizedGroups = (
				7111C85D2E663F700023BA6F /* meetcalUITests */,
			);
			name = meetcalUITests;
			packageProductDependencies = (
			);
			productName = meetcalUITests;
			productReference = 7111C85A2E663F700023BA6F /* meetcalUITests.xctest */;
			productType = "com.apple.product-type.bundle.ui-testing";
		};
		7123D1B52E933150000373C2 /* SavedWidgetExtension */ = {
			isa = PBXNativeTarget;
			buildConfigurationList = 7123D1CC2E933151000373C2 /* Build configuration list for PBXNativeTarget "SavedWidgetExtension" */;
			buildPhases = (
				7123D1B22E933150000373C2 /* Sources */,
				7123D1B32E933150000373C2 /* Frameworks */,
				7123D1B42E933150000373C2 /* Resources */,
			);
			buildRules = (
			);
			dependencies = (
			);
			fileSystemSynchronizedGroups = (
				7123D1BC2E933150000373C2 /* SavedWidget */,
			);
			name = SavedWidgetExtension;
			packageProductDependencies = (
			);
			productName = SavedWidgetExtension;
			productReference = 7123D1B62E933150000373C2 /* SavedWidgetExtension.appex */;
			productType = "com.apple.product-type.app-extension";
		};
/* End PBXNativeTarget section */

/* Begin PBXProject section */
		7111C8372E663F6F0023BA6F /* Project object */ = {
			isa = PBXProject;
			attributes = {
				BuildIndependentTargetsInParallel = 1;
				LastSwiftUpdateCheck = 2600;
				LastUpgradeCheck = 2600;
				TargetAttributes = {
					7111C83E2E663F6F0023BA6F = {
						CreatedOnToolsVersion = 26.0;
					};
					7111C84F2E663F700023BA6F = {
						CreatedOnToolsVersion = 26.0;
						TestTargetID = 7111C83E2E663F6F0023BA6F;
					};
					7111C8592E663F700023BA6F = {
						CreatedOnToolsVersion = 26.0;
						TestTargetID = 7111C83E2E663F6F0023BA6F;
					};
					7123D1B52E933150000373C2 = {
						CreatedOnToolsVersion = 26.0.1;
					};
				};
			};
			buildConfigurationList = 7111C83A2E663F6F0023BA6F /* Build configuration list for PBXProject "meetcal" */;
			developmentRegion = en;
			hasScannedForEncodings = 0;
			knownRegions = (
				en,
				Base,
			);
			mainGroup = 7111C8362E663F6F0023BA6F;
			minimizedProjectReferenceProxies = 1;
			packageReferences = (
				716D2C242E6CD23E00E4118D /* XCRemoteSwiftPackageReference "GoogleSignIn-iOS" */,
				716D2C292E6CD24B00E4118D /* XCRemoteSwiftPackageReference "posthog-ios" */,
				71880EA32E6DDE0A003DE6DE /* XCRemoteSwiftPackageReference "supabase-swift" */,
				7116F8062E874DE100A1C368 /* XCRemoteSwiftPackageReference "clerk-ios" */,
				7116F8092E874E1B00A1C368 /* XCRemoteSwiftPackageReference "purchases-ios-spm" */,
				71B59EEB2E90768B00B3F65B /* XCRemoteSwiftPackageReference "firebase-ios-sdk" */,
			);
			preferredProjectObjectVersion = 77;
			productRefGroup = 7111C8402E663F6F0023BA6F /* Products */;
			projectDirPath = "";
			projectRoot = "";
			targets = (
				7111C83E2E663F6F0023BA6F /* meetcal */,
				7111C84F2E663F700023BA6F /* meetcalTests */,
				7111C8592E663F700023BA6F /* meetcalUITests */,
				7123D1B52E933150000373C2 /* SavedWidgetExtension */,
			);
		};
/* End PBXProject section */

/* Begin PBXResourcesBuildPhase section */
		7111C83D2E663F6F0023BA6F /* Resources */ = {
			isa = PBXResourcesBuildPhase;
			buildActionMask = 2147483647;
			files = (
			);
			runOnlyForDeploymentPostprocessing = 0;
		};
		7111C84E2E663F700023BA6F /* Resources */ = {
			isa = PBXResourcesBuildPhase;
			buildActionMask = 2147483647;
			files = (
			);
			runOnlyForDeploymentPostprocessing = 0;
		};
		7111C8582E663F700023BA6F /* Resources */ = {
			isa = PBXResourcesBuildPhase;
			buildActionMask = 2147483647;
			files = (
			);
			runOnlyForDeploymentPostprocessing = 0;
		};
		7123D1B42E933150000373C2 /* Resources */ = {
			isa = PBXResourcesBuildPhase;
			buildActionMask = 2147483647;
			files = (
			);
			runOnlyForDeploymentPostprocessing = 0;
		};
/* End PBXResourcesBuildPhase section */

/* Begin PBXSourcesBuildPhase section */
		7111C83B2E663F6F0023BA6F /* Sources */ = {
			isa = PBXSourcesBuildPhase;
			buildActionMask = 2147483647;
			files = (
			);
			runOnlyForDeploymentPostprocessing = 0;
		};
		7111C84C2E663F700023BA6F /* Sources */ = {
			isa = PBXSourcesBuildPhase;
			buildActionMask = 2147483647;
			files = (
			);
			runOnlyForDeploymentPostprocessing = 0;
		};
		7111C8562E663F700023BA6F /* Sources */ = {
			isa = PBXSourcesBuildPhase;
			buildActionMask = 2147483647;
			files = (
			);
			runOnlyForDeploymentPostprocessing = 0;
		};
		7123D1B22E933150000373C2 /* Sources */ = {
			isa = PBXSourcesBuildPhase;
			buildActionMask = 2147483647;
			files = (
			);
			runOnlyForDeploymentPostprocessing = 0;
		};
/* End PBXSourcesBuildPhase section */

/* Begin PBXTargetDependency section */
		7111C8522E663F700023BA6F /* PBXTargetDependency */ = {
			isa = PBXTargetDependency;
			target = 7111C83E2E663F6F0023BA6F /* meetcal */;
			targetProxy = 7111C8512E663F700023BA6F /* PBXContainerItemProxy */;
		};
		7111C85C2E663F700023BA6F /* PBXTargetDependency */ = {
			isa = PBXTargetDependency;
			target = 7111C83E2E663F6F0023BA6F /* meetcal */;
			targetProxy = 7111C85B2E663F700023BA6F /* PBXContainerItemProxy */;
		};
		7123D1C72E933151000373C2 /* PBXTargetDependency */ = {
			isa = PBXTargetDependency;
			target = 7123D1B52E933150000373C2 /* SavedWidgetExtension */;
			targetProxy = 7123D1C62E933151000373C2 /* PBXContainerItemProxy */;
		};
/* End PBXTargetDependency section */

/* Begin XCBuildConfiguration section */
		7111C8642E663F700023BA6F /* Debug */ = {
			isa = XCBuildConfiguration;
			buildSettings = {
				ASSETCATALOG_COMPILER_APPICON_NAME = "liquid-glass";
				ASSETCATALOG_COMPILER_GLOBAL_ACCENT_COLOR_NAME = AccentColor;
				ASSETCATALOG_COMPILER_INCLUDE_ALL_APPICON_ASSETS = YES;
				CODE_SIGN_ENTITLEMENTS = meetcal/meetcal.entitlements;
				CODE_SIGN_IDENTITY = "Apple Development";
				CODE_SIGN_STYLE = Automatic;
				CURRENT_PROJECT_VERSION = 5;
				DEVELOPMENT_TEAM = HCK9FFW6UX;
				ENABLE_PREVIEWS = YES;
				GENERATE_INFOPLIST_FILE = YES;
				INFOPLIST_FILE = meetcal/Info.plist;
				INFOPLIST_KEY_CFBundleDisplayName = MeetCal;
				INFOPLIST_KEY_ITSAppUsesNonExemptEncryption = NO;
				INFOPLIST_KEY_LSApplicationCategoryType = "public.app-category.sports";
				INFOPLIST_KEY_NSCalendarsFullAccessUsageDescription = "MeetCal needs calendar access to add weightlifting competition sessions to your calendar. This allows you to receive reminders for your weigh-in and competition times. MeetCal will only ever write new events on your calendar, it will not read your current events.";
				INFOPLIST_KEY_NSCalendarsUsageDescription = "MeetCal needs calendar access to add weightlifting competition sessions to your calendar. This allows you to receive reminders for your weigh-in and competition times. MeetCal will only ever write new events on your calendar, it will not read your current events.";
				INFOPLIST_KEY_NSHumanReadableCopyright = "";
				INFOPLIST_KEY_UIApplicationSceneManifest_Generation = YES;
				INFOPLIST_KEY_UIApplicationSupportsIndirectInputEvents = YES;
				INFOPLIST_KEY_UILaunchStoryboardName = LaunchScreen;
				INFOPLIST_KEY_UIStatusBarStyle = "";
				INFOPLIST_KEY_UISupportedInterfaceOrientations = UIInterfaceOrientationPortrait;
				INFOPLIST_KEY_UISupportedInterfaceOrientations_iPad = "UIInterfaceOrientationPortrait UIInterfaceOrientationPortraitUpsideDown";
				LD_RUNPATH_SEARCH_PATHS = (
					"$(inherited)",
					"@executable_path/Frameworks",
				);
				MARKETING_VERSION = 5.0.0;
				PRODUCT_BUNDLE_IDENTIFIER = com.memohnsen.meetcal;
				PRODUCT_NAME = "$(TARGET_NAME)";
				PROVISIONING_PROFILE_SPECIFIER = "";
				STRING_CATALOG_GENERATE_SYMBOLS = YES;
				SUPPORTED_PLATFORMS = "iphoneos iphonesimulator";
				SUPPORTS_MACCATALYST = NO;
				SUPPORTS_MAC_DESIGNED_FOR_IPHONE_IPAD = NO;
				SUPPORTS_XR_DESIGNED_FOR_IPHONE_IPAD = NO;
				SWIFT_APPROACHABLE_CONCURRENCY = YES;
				SWIFT_DEFAULT_ACTOR_ISOLATION = MainActor;
				SWIFT_EMIT_LOC_STRINGS = YES;
				SWIFT_UPCOMING_FEATURE_MEMBER_IMPORT_VISIBILITY = YES;
				SWIFT_VERSION = 5.0;
				TARGETED_DEVICE_FAMILY = 1;
			};
			name = Debug;
		};
		7111C8652E663F700023BA6F /* Release */ = {
			isa = XCBuildConfiguration;
			buildSettings = {
				ASSETCATALOG_COMPILER_APPICON_NAME = "liquid-glass";
				ASSETCATALOG_COMPILER_GLOBAL_ACCENT_COLOR_NAME = AccentColor;
				ASSETCATALOG_COMPILER_INCLUDE_ALL_APPICON_ASSETS = YES;
				CODE_SIGN_ENTITLEMENTS = meetcal/meetcal.entitlements;
				CODE_SIGN_IDENTITY = "Apple Development";
				CODE_SIGN_STYLE = Automatic;
				CURRENT_PROJECT_VERSION = 5;
				DEVELOPMENT_TEAM = HCK9FFW6UX;
				ENABLE_PREVIEWS = YES;
				GENERATE_INFOPLIST_FILE = YES;
				INFOPLIST_FILE = meetcal/Info.plist;
				INFOPLIST_KEY_CFBundleDisplayName = MeetCal;
				INFOPLIST_KEY_ITSAppUsesNonExemptEncryption = NO;
				INFOPLIST_KEY_LSApplicationCategoryType = "public.app-category.sports";
				INFOPLIST_KEY_NSCalendarsFullAccessUsageDescription = "MeetCal needs calendar access to add weightlifting competition sessions to your calendar. This allows you to receive reminders for your weigh-in and competition times. MeetCal will only ever write new events on your calendar, it will not read your current events.";
				INFOPLIST_KEY_NSCalendarsUsageDescription = "MeetCal needs calendar access to add weightlifting competition sessions to your calendar. This allows you to receive reminders for your weigh-in and competition times. MeetCal will only ever write new events on your calendar, it will not read your current events.";
				INFOPLIST_KEY_NSHumanReadableCopyright = "";
				INFOPLIST_KEY_UIApplicationSceneManifest_Generation = YES;
				INFOPLIST_KEY_UIApplicationSupportsIndirectInputEvents = YES;
				INFOPLIST_KEY_UILaunchStoryboardName = LaunchScreen;
				INFOPLIST_KEY_UIStatusBarStyle = "";
				INFOPLIST_KEY_UISupportedInterfaceOrientations = UIInterfaceOrientationPortrait;
				INFOPLIST_KEY_UISupportedInterfaceOrientations_iPad = "UIInterfaceOrientationPortrait UIInterfaceOrientationPortraitUpsideDown";
				LD_RUNPATH_SEARCH_PATHS = (
					"$(inherited)",
					"@executable_path/Frameworks",
				);
				MARKETING_VERSION = 5.0.0;
				PRODUCT_BUNDLE_IDENTIFIER = com.memohnsen.meetcal;
				PRODUCT_NAME = "$(TARGET_NAME)";
				PROVISIONING_PROFILE_SPECIFIER = "";
				STRING_CATALOG_GENERATE_SYMBOLS = YES;
				SUPPORTED_PLATFORMS = "iphoneos iphonesimulator";
				SUPPORTS_MACCATALYST = NO;
				SUPPORTS_MAC_DESIGNED_FOR_IPHONE_IPAD = NO;
				SUPPORTS_XR_DESIGNED_FOR_IPHONE_IPAD = NO;
				SWIFT_APPROACHABLE_CONCURRENCY = YES;
				SWIFT_DEFAULT_ACTOR_ISOLATION = MainActor;
				SWIFT_EMIT_LOC_STRINGS = YES;
				SWIFT_UPCOMING_FEATURE_MEMBER_IMPORT_VISIBILITY = YES;
				SWIFT_VERSION = 5.0;
				TARGETED_DEVICE_FAMILY = 1;
			};
			name = Release;
		};
		7111C8662E663F700023BA6F /* Debug */ = {
			isa = XCBuildConfiguration;
			baseConfigurationReference = 71B59F622E90885800B3F65B /* Config.xcconfig */;
			buildSettings = {
				ALWAYS_SEARCH_USER_PATHS = NO;
				ASSETCATALOG_COMPILER_GENERATE_SWIFT_ASSET_SYMBOL_EXTENSIONS = YES;
				CLANG_ANALYZER_NONNULL = YES;
				CLANG_ANALYZER_NUMBER_OBJECT_CONVERSION = YES_AGGRESSIVE;
				CLANG_CXX_LANGUAGE_STANDARD = "gnu++20";
				CLANG_ENABLE_MODULES = YES;
				CLANG_ENABLE_OBJC_ARC = YES;
				CLANG_ENABLE_OBJC_WEAK = YES;
				CLANG_WARN_BLOCK_CAPTURE_AUTORELEASING = YES;
				CLANG_WARN_BOOL_CONVERSION = YES;
				CLANG_WARN_COMMA = YES;
				CLANG_WARN_CONSTANT_CONVERSION = YES;
				CLANG_WARN_DEPRECATED_OBJC_IMPLEMENTATIONS = YES;
				CLANG_WARN_DIRECT_OBJC_ISA_USAGE = YES_ERROR;
				CLANG_WARN_DOCUMENTATION_COMMENTS = YES;
				CLANG_WARN_EMPTY_BODY = YES;
				CLANG_WARN_ENUM_CONVERSION = YES;
				CLANG_WARN_INFINITE_RECURSION = YES;
				CLANG_WARN_INT_CONVERSION = YES;
				CLANG_WARN_NON_LITERAL_NULL_CONVERSION = YES;
				CLANG_WARN_OBJC_IMPLICIT_RETAIN_SELF = YES;
				CLANG_WARN_OBJC_LITERAL_CONVERSION = YES;
				CLANG_WARN_OBJC_ROOT_CLASS = YES_ERROR;
				CLANG_WARN_QUOTED_INCLUDE_IN_FRAMEWORK_HEADER = YES;
				CLANG_WARN_RANGE_LOOP_ANALYSIS = YES;
				CLANG_WARN_STRICT_PROTOTYPES = YES;
				CLANG_WARN_SUSPICIOUS_MOVE = YES;
				CLANG_WARN_UNGUARDED_AVAILABILITY = YES_AGGRESSIVE;
				CLANG_WARN_UNREACHABLE_CODE = YES;
				CLANG_WARN__DUPLICATE_METHOD_MATCH = YES;
				COPY_PHASE_STRIP = NO;
				DEBUG_INFORMATION_FORMAT = dwarf;
				DEVELOPMENT_TEAM = HCK9FFW6UX;
				ENABLE_STRICT_OBJC_MSGSEND = YES;
				ENABLE_TESTABILITY = YES;
				ENABLE_USER_SCRIPT_SANDBOXING = YES;
				GCC_C_LANGUAGE_STANDARD = gnu17;
				GCC_DYNAMIC_NO_PIC = NO;
				GCC_NO_COMMON_BLOCKS = YES;
				GCC_OPTIMIZATION_LEVEL = 0;
				GCC_PREPROCESSOR_DEFINITIONS = (
					"DEBUG=1",
					"$(inherited)",
				);
				GCC_WARN_64_TO_32_BIT_CONVERSION = YES;
				GCC_WARN_ABOUT_RETURN_TYPE = YES_ERROR;
				GCC_WARN_UNDECLARED_SELECTOR = YES;
				GCC_WARN_UNINITIALIZED_AUTOS = YES_AGGRESSIVE;
				GCC_WARN_UNUSED_FUNCTION = YES;
				GCC_WARN_UNUSED_VARIABLE = YES;
				IPHONEOS_DEPLOYMENT_TARGET = 26.0;
				LOCALIZATION_PREFERS_STRING_CATALOGS = YES;
				MTL_ENABLE_DEBUG_INFO = INCLUDE_SOURCE;
				MTL_FAST_MATH = YES;
				ONLY_ACTIVE_ARCH = YES;
				SDKROOT = iphoneos;
				SWIFT_ACTIVE_COMPILATION_CONDITIONS = "DEBUG $(inherited)";
				SWIFT_OPTIMIZATION_LEVEL = "-Onone";
			};
			name = Debug;
		};
		7111C8672E663F700023BA6F /* Release */ = {
			isa = XCBuildConfiguration;
			baseConfigurationReference = 71B59F622E90885800B3F65B /* Config.xcconfig */;
			buildSettings = {
				ALWAYS_SEARCH_USER_PATHS = NO;
				ASSETCATALOG_COMPILER_GENERATE_SWIFT_ASSET_SYMBOL_EXTENSIONS = YES;
				CLANG_ANALYZER_NONNULL = YES;
				CLANG_ANALYZER_NUMBER_OBJECT_CONVERSION = YES_AGGRESSIVE;
				CLANG_CXX_LANGUAGE_STANDARD = "gnu++20";
				CLANG_ENABLE_MODULES = YES;
				CLANG_ENABLE_OBJC_ARC = YES;
				CLANG_ENABLE_OBJC_WEAK = YES;
				CLANG_WARN_BLOCK_CAPTURE_AUTORELEASING = YES;
				CLANG_WARN_BOOL_CONVERSION = YES;
				CLANG_WARN_COMMA = YES;
				CLANG_WARN_CONSTANT_CONVERSION = YES;
				CLANG_WARN_DEPRECATED_OBJC_IMPLEMENTATIONS = YES;
				CLANG_WARN_DIRECT_OBJC_ISA_USAGE = YES_ERROR;
				CLANG_WARN_DOCUMENTATION_COMMENTS = YES;
				CLANG_WARN_EMPTY_BODY = YES;
				CLANG_WARN_ENUM_CONVERSION = YES;
				CLANG_WARN_INFINITE_RECURSION = YES;
				CLANG_WARN_INT_CONVERSION = YES;
				CLANG_WARN_NON_LITERAL_NULL_CONVERSION = YES;
				CLANG_WARN_OBJC_IMPLICIT_RETAIN_SELF = YES;
				CLANG_WARN_OBJC_LITERAL_CONVERSION = YES;
				CLANG_WARN_OBJC_ROOT_CLASS = YES_ERROR;
				CLANG_WARN_QUOTED_INCLUDE_IN_FRAMEWORK_HEADER = YES;
				CLANG_WARN_RANGE_LOOP_ANALYSIS = YES;
				CLANG_WARN_STRICT_PROTOTYPES = YES;
				CLANG_WARN_SUSPICIOUS_MOVE = YES;
				CLANG_WARN_UNGUARDED_AVAILABILITY = YES_AGGRESSIVE;
				CLANG_WARN_UNREACHABLE_CODE = YES;
				CLANG_WARN__DUPLICATE_METHOD_MATCH = YES;
				COPY_PHASE_STRIP = NO;
				DEBUG_INFORMATION_FORMAT = "dwarf-with-dsym";
				DEVELOPMENT_TEAM = HCK9FFW6UX;
				ENABLE_NS_ASSERTIONS = NO;
				ENABLE_STRICT_OBJC_MSGSEND = YES;
				ENABLE_USER_SCRIPT_SANDBOXING = YES;
				GCC_C_LANGUAGE_STANDARD = gnu17;
				GCC_NO_COMMON_BLOCKS = YES;
				GCC_WARN_64_TO_32_BIT_CONVERSION = YES;
				GCC_WARN_ABOUT_RETURN_TYPE = YES_ERROR;
				GCC_WARN_UNDECLARED_SELECTOR = YES;
				GCC_WARN_UNINITIALIZED_AUTOS = YES_AGGRESSIVE;
				GCC_WARN_UNUSED_FUNCTION = YES;
				GCC_WARN_UNUSED_VARIABLE = YES;
				IPHONEOS_DEPLOYMENT_TARGET = 26.0;
				LOCALIZATION_PREFERS_STRING_CATALOGS = YES;
				MTL_ENABLE_DEBUG_INFO = NO;
				MTL_FAST_MATH = YES;
				SDKROOT = iphoneos;
				SWIFT_COMPILATION_MODE = wholemodule;
				VALIDATE_PRODUCT = YES;
			};
			name = Release;
		};
		7111C8692E663F700023BA6F /* Debug */ = {
			isa = XCBuildConfiguration;
			buildSettings = {
				BUNDLE_LOADER = "$(TEST_HOST)";
				CODE_SIGN_STYLE = Automatic;
				CURRENT_PROJECT_VERSION = 1;
				DEVELOPMENT_TEAM = HCK9FFW6UX;
				GENERATE_INFOPLIST_FILE = YES;
				IPHONEOS_DEPLOYMENT_TARGET = 26.0;
				MARKETING_VERSION = 1.0;
				PRODUCT_BUNDLE_IDENTIFIER = com.memohnsen.meetcalTests;
				PRODUCT_NAME = "$(TARGET_NAME)";
				STRING_CATALOG_GENERATE_SYMBOLS = NO;
				SUPPORTED_PLATFORMS = "iphoneos iphonesimulator";
				SUPPORTS_MACCATALYST = NO;
				SUPPORTS_MAC_DESIGNED_FOR_IPHONE_IPAD = NO;
				SUPPORTS_XR_DESIGNED_FOR_IPHONE_IPAD = NO;
				SWIFT_APPROACHABLE_CONCURRENCY = YES;
				SWIFT_EMIT_LOC_STRINGS = NO;
				SWIFT_UPCOMING_FEATURE_MEMBER_IMPORT_VISIBILITY = YES;
				SWIFT_VERSION = 5.0;
				TARGETED_DEVICE_FAMILY = 1;
				TEST_HOST = "$(BUILT_PRODUCTS_DIR)/meetcal.app/$(BUNDLE_EXECUTABLE_FOLDER_PATH)/meetcal";
			};
			name = Debug;
		};
		7111C86A2E663F700023BA6F /* Release */ = {
			isa = XCBuildConfiguration;
			buildSettings = {
				BUNDLE_LOADER = "$(TEST_HOST)";
				CODE_SIGN_STYLE = Automatic;
				CURRENT_PROJECT_VERSION = 1;
				DEVELOPMENT_TEAM = HCK9FFW6UX;
				GENERATE_INFOPLIST_FILE = YES;
				IPHONEOS_DEPLOYMENT_TARGET = 26.0;
				MARKETING_VERSION = 1.0;
				PRODUCT_BUNDLE_IDENTIFIER = com.memohnsen.meetcalTests;
				PRODUCT_NAME = "$(TARGET_NAME)";
				STRING_CATALOG_GENERATE_SYMBOLS = NO;
				SUPPORTED_PLATFORMS = "iphoneos iphonesimulator";
				SUPPORTS_MACCATALYST = NO;
				SUPPORTS_MAC_DESIGNED_FOR_IPHONE_IPAD = NO;
				SUPPORTS_XR_DESIGNED_FOR_IPHONE_IPAD = NO;
				SWIFT_APPROACHABLE_CONCURRENCY = YES;
				SWIFT_EMIT_LOC_STRINGS = NO;
				SWIFT_UPCOMING_FEATURE_MEMBER_IMPORT_VISIBILITY = YES;
				SWIFT_VERSION = 5.0;
				TARGETED_DEVICE_FAMILY = 1;
				TEST_HOST = "$(BUILT_PRODUCTS_DIR)/meetcal.app/$(BUNDLE_EXECUTABLE_FOLDER_PATH)/meetcal";
			};
			name = Release;
		};
		7111C86C2E663F700023BA6F /* Debug */ = {
			isa = XCBuildConfiguration;
			buildSettings = {
				CODE_SIGN_STYLE = Automatic;
				CURRENT_PROJECT_VERSION = 1;
				DEVELOPMENT_TEAM = HCK9FFW6UX;
				GENERATE_INFOPLIST_FILE = YES;
				MARKETING_VERSION = 1.0;
				PRODUCT_BUNDLE_IDENTIFIER = com.memohnsen.meetcalUITests;
				PRODUCT_NAME = "$(TARGET_NAME)";
				STRING_CATALOG_GENERATE_SYMBOLS = NO;
				SUPPORTED_PLATFORMS = "iphoneos iphonesimulator";
				SUPPORTS_MACCATALYST = NO;
				SUPPORTS_MAC_DESIGNED_FOR_IPHONE_IPAD = NO;
				SUPPORTS_XR_DESIGNED_FOR_IPHONE_IPAD = NO;
				SWIFT_APPROACHABLE_CONCURRENCY = YES;
				SWIFT_EMIT_LOC_STRINGS = NO;
				SWIFT_UPCOMING_FEATURE_MEMBER_IMPORT_VISIBILITY = YES;
				SWIFT_VERSION = 5.0;
				TARGETED_DEVICE_FAMILY = 1;
				TEST_TARGET_NAME = meetcal;
			};
			name = Debug;
		};
		7111C86D2E663F700023BA6F /* Release */ = {
			isa = XCBuildConfiguration;
			buildSettings = {
				CODE_SIGN_STYLE = Automatic;
				CURRENT_PROJECT_VERSION = 1;
				DEVELOPMENT_TEAM = HCK9FFW6UX;
				GENERATE_INFOPLIST_FILE = YES;
				MARKETING_VERSION = 1.0;
				PRODUCT_BUNDLE_IDENTIFIER = com.memohnsen.meetcalUITests;
				PRODUCT_NAME = "$(TARGET_NAME)";
				STRING_CATALOG_GENERATE_SYMBOLS = NO;
				SUPPORTED_PLATFORMS = "iphoneos iphonesimulator";
				SUPPORTS_MACCATALYST = NO;
				SUPPORTS_MAC_DESIGNED_FOR_IPHONE_IPAD = NO;
				SUPPORTS_XR_DESIGNED_FOR_IPHONE_IPAD = NO;
				SWIFT_APPROACHABLE_CONCURRENCY = YES;
				SWIFT_EMIT_LOC_STRINGS = NO;
				SWIFT_UPCOMING_FEATURE_MEMBER_IMPORT_VISIBILITY = YES;
				SWIFT_VERSION = 5.0;
				TARGETED_DEVICE_FAMILY = 1;
				TEST_TARGET_NAME = meetcal;
			};
			name = Release;
		};
		7123D1CA2E933151000373C2 /* Debug */ = {
			isa = XCBuildConfiguration;
			buildSettings = {
				ASSETCATALOG_COMPILER_GLOBAL_ACCENT_COLOR_NAME = AccentColor;
				ASSETCATALOG_COMPILER_WIDGET_BACKGROUND_COLOR_NAME = WidgetBackground;
				CODE_SIGN_ENTITLEMENTS = SavedWidgetExtension.entitlements;
				CODE_SIGN_IDENTITY = "Apple Development";
				CODE_SIGN_STYLE = Automatic;
				CURRENT_PROJECT_VERSION = 5;
				DEVELOPMENT_TEAM = HCK9FFW6UX;
				GENERATE_INFOPLIST_FILE = YES;
				INFOPLIST_FILE = SavedWidget/Info.plist;
				INFOPLIST_KEY_CFBundleDisplayName = SavedWidget;
				INFOPLIST_KEY_NSHumanReadableCopyright = "";
				LD_RUNPATH_SEARCH_PATHS = (
					"$(inherited)",
					"@executable_path/Frameworks",
					"@executable_path/../../Frameworks",
				);
				MARKETING_VERSION = 1.0;
				PRODUCT_BUNDLE_IDENTIFIER = com.memohnsen.meetcal.SavedWidget;
				PRODUCT_NAME = "$(TARGET_NAME)";
				SKIP_INSTALL = YES;
				STRING_CATALOG_GENERATE_SYMBOLS = YES;
				SUPPORTED_PLATFORMS = "iphoneos iphonesimulator";
				SUPPORTS_MACCATALYST = NO;
				SUPPORTS_MAC_DESIGNED_FOR_IPHONE_IPAD = NO;
				SUPPORTS_XR_DESIGNED_FOR_IPHONE_IPAD = NO;
				SWIFT_APPROACHABLE_CONCURRENCY = YES;
				SWIFT_EMIT_LOC_STRINGS = YES;
				SWIFT_UPCOMING_FEATURE_MEMBER_IMPORT_VISIBILITY = YES;
				SWIFT_VERSION = 5.0;
				TARGETED_DEVICE_FAMILY = 1;
			};
			name = Debug;
		};
		7123D1CB2E933151000373C2 /* Release */ = {
			isa = XCBuildConfiguration;
			buildSettings = {
				ASSETCATALOG_COMPILER_GLOBAL_ACCENT_COLOR_NAME = AccentColor;
				ASSETCATALOG_COMPILER_WIDGET_BACKGROUND_COLOR_NAME = WidgetBackground;
				CODE_SIGN_ENTITLEMENTS = SavedWidgetExtension.entitlements;
				CODE_SIGN_IDENTITY = "Apple Development";
				CODE_SIGN_STYLE = Automatic;
				CURRENT_PROJECT_VERSION = 5;
				DEVELOPMENT_TEAM = HCK9FFW6UX;
				GENERATE_INFOPLIST_FILE = YES;
				INFOPLIST_FILE = SavedWidget/Info.plist;
				INFOPLIST_KEY_CFBundleDisplayName = SavedWidget;
				INFOPLIST_KEY_NSHumanReadableCopyright = "";
				LD_RUNPATH_SEARCH_PATHS = (
					"$(inherited)",
					"@executable_path/Frameworks",
					"@executable_path/../../Frameworks",
				);
				MARKETING_VERSION = 1.0;
				PRODUCT_BUNDLE_IDENTIFIER = com.memohnsen.meetcal.SavedWidget;
				PRODUCT_NAME = "$(TARGET_NAME)";
				SKIP_INSTALL = YES;
				STRING_CATALOG_GENERATE_SYMBOLS = YES;
				SUPPORTED_PLATFORMS = "iphoneos iphonesimulator";
				SUPPORTS_MACCATALYST = NO;
				SUPPORTS_MAC_DESIGNED_FOR_IPHONE_IPAD = NO;
				SUPPORTS_XR_DESIGNED_FOR_IPHONE_IPAD = NO;
				SWIFT_APPROACHABLE_CONCURRENCY = YES;
				SWIFT_EMIT_LOC_STRINGS = YES;
				SWIFT_UPCOMING_FEATURE_MEMBER_IMPORT_VISIBILITY = YES;
				SWIFT_VERSION = 5.0;
				TARGETED_DEVICE_FAMILY = 1;
			};
			name = Release;
		};
/* End XCBuildConfiguration section */

/* Begin XCConfigurationList section */
		7111C83A2E663F6F0023BA6F /* Build configuration list for PBXProject "meetcal" */ = {
			isa = XCConfigurationList;
			buildConfigurations = (
				7111C8662E663F700023BA6F /* Debug */,
				7111C8672E663F700023BA6F /* Release */,
			);
			defaultConfigurationIsVisible = 0;
			defaultConfigurationName = Release;
		};
		7111C8632E663F700023BA6F /* Build configuration list for PBXNativeTarget "meetcal" */ = {
			isa = XCConfigurationList;
			buildConfigurations = (
				7111C8642E663F700023BA6F /* Debug */,
				7111C8652E663F700023BA6F /* Release */,
			);
			defaultConfigurationIsVisible = 0;
			defaultConfigurationName = Release;
		};
		7111C8682E663F700023BA6F /* Build configuration list for PBXNativeTarget "meetcalTests" */ = {
			isa = XCConfigurationList;
			buildConfigurations = (
				7111C8692E663F700023BA6F /* Debug */,
				7111C86A2E663F700023BA6F /* Release */,
			);
			defaultConfigurationIsVisible = 0;
			defaultConfigurationName = Release;
		};
		7111C86B2E663F700023BA6F /* Build configuration list for PBXNativeTarget "meetcalUITests" */ = {
			isa = XCConfigurationList;
			buildConfigurations = (
				7111C86C2E663F700023BA6F /* Debug */,
				7111C86D2E663F700023BA6F /* Release */,
			);
			defaultConfigurationIsVisible = 0;
			defaultConfigurationName = Release;
		};
		7123D1CC2E933151000373C2 /* Build configuration list for PBXNativeTarget "SavedWidgetExtension" */ = {
			isa = XCConfigurationList;
			buildConfigurations = (
				7123D1CA2E933151000373C2 /* Debug */,
				7123D1CB2E933151000373C2 /* Release */,
			);
			defaultConfigurationIsVisible = 0;
			defaultConfigurationName = Release;
		};
/* End XCConfigurationList section */

/* Begin XCRemoteSwiftPackageReference section */
		7116F8062E874DE100A1C368 /* XCRemoteSwiftPackageReference "clerk-ios" */ = {
			isa = XCRemoteSwiftPackageReference;
			repositoryURL = "https://github.com/clerk/clerk-ios";
			requirement = {
				kind = upToNextMajorVersion;
				minimumVersion = 0.68.1;
			};
		};
		7116F8092E874E1B00A1C368 /* XCRemoteSwiftPackageReference "purchases-ios-spm" */ = {
			isa = XCRemoteSwiftPackageReference;
			repositoryURL = "https://github.com/RevenueCat/purchases-ios-spm.git";
			requirement = {
				kind = upToNextMajorVersion;
				minimumVersion = 5.40.0;
			};
		};
		716D2C242E6CD23E00E4118D /* XCRemoteSwiftPackageReference "GoogleSignIn-iOS" */ = {
			isa = XCRemoteSwiftPackageReference;
			repositoryURL = "https://github.com/google/GoogleSignIn-iOS";
			requirement = {
				kind = upToNextMajorVersion;
				minimumVersion = 9.0.0;
			};
		};
		716D2C292E6CD24B00E4118D /* XCRemoteSwiftPackageReference "posthog-ios" */ = {
			isa = XCRemoteSwiftPackageReference;
			repositoryURL = "https://github.com/PostHog/posthog-ios";
			requirement = {
				kind = upToNextMajorVersion;
				minimumVersion = 3.31.0;
			};
		};
		71880EA32E6DDE0A003DE6DE /* XCRemoteSwiftPackageReference "supabase-swift" */ = {
			isa = XCRemoteSwiftPackageReference;
			repositoryURL = "https://github.com/supabase/supabase-swift";
			requirement = {
				kind = upToNextMajorVersion;
				minimumVersion = 2.5.1;
			};
		};
		71B59EEB2E90768B00B3F65B /* XCRemoteSwiftPackageReference "firebase-ios-sdk" */ = {
			isa = XCRemoteSwiftPackageReference;
			repositoryURL = "https://github.com/firebase/firebase-ios-sdk";
			requirement = {
				kind = upToNextMajorVersion;
				minimumVersion = 12.3.0;
			};
		};
/* End XCRemoteSwiftPackageReference section */

/* Begin XCSwiftPackageProductDependency section */
		7116F8072E874DE100A1C368 /* Clerk */ = {
			isa = XCSwiftPackageProductDependency;
			package = 7116F8062E874DE100A1C368 /* XCRemoteSwiftPackageReference "clerk-ios" */;
			productName = Clerk;
		};
		7116F80A2E874E1B00A1C368 /* RevenueCat */ = {
			isa = XCSwiftPackageProductDependency;
			package = 7116F8092E874E1B00A1C368 /* XCRemoteSwiftPackageReference "purchases-ios-spm" */;
			productName = RevenueCat;
		};
		7116F80C2E874E1B00A1C368 /* RevenueCatUI */ = {
			isa = XCSwiftPackageProductDependency;
			package = 7116F8092E874E1B00A1C368 /* XCRemoteSwiftPackageReference "purchases-ios-spm" */;
			productName = RevenueCatUI;
		};
		716D2C252E6CD23E00E4118D /* GoogleSignIn */ = {
			isa = XCSwiftPackageProductDependency;
			package = 716D2C242E6CD23E00E4118D /* XCRemoteSwiftPackageReference "GoogleSignIn-iOS" */;
			productName = GoogleSignIn;
		};
		716D2C272E6CD23E00E4118D /* GoogleSignInSwift */ = {
			isa = XCSwiftPackageProductDependency;
			package = 716D2C242E6CD23E00E4118D /* XCRemoteSwiftPackageReference "GoogleSignIn-iOS" */;
			productName = GoogleSignInSwift;
		};
		716D2C2A2E6CD24B00E4118D /* PostHog */ = {
			isa = XCSwiftPackageProductDependency;
			package = 716D2C292E6CD24B00E4118D /* XCRemoteSwiftPackageReference "posthog-ios" */;
			productName = PostHog;
		};
		71880EA42E6DDE0A003DE6DE /* Auth */ = {
			isa = XCSwiftPackageProductDependency;
			package = 71880EA32E6DDE0A003DE6DE /* XCRemoteSwiftPackageReference "supabase-swift" */;
			productName = Auth;
		};
		71880EA62E6DDE0A003DE6DE /* Functions */ = {
			isa = XCSwiftPackageProductDependency;
			package = 71880EA32E6DDE0A003DE6DE /* XCRemoteSwiftPackageReference "supabase-swift" */;
			productName = Functions;
		};
		71880EA82E6DDE0A003DE6DE /* PostgREST */ = {
			isa = XCSwiftPackageProductDependency;
			package = 71880EA32E6DDE0A003DE6DE /* XCRemoteSwiftPackageReference "supabase-swift" */;
			productName = PostgREST;
		};
		71880EAA2E6DDE0A003DE6DE /* Realtime */ = {
			isa = XCSwiftPackageProductDependency;
			package = 71880EA32E6DDE0A003DE6DE /* XCRemoteSwiftPackageReference "supabase-swift" */;
			productName = Realtime;
		};
		71880EAC2E6DDE0A003DE6DE /* Storage */ = {
			isa = XCSwiftPackageProductDependency;
			package = 71880EA32E6DDE0A003DE6DE /* XCRemoteSwiftPackageReference "supabase-swift" */;
			productName = Storage;
		};
		71880EAE2E6DDE0A003DE6DE /* Supabase */ = {
			isa = XCSwiftPackageProductDependency;
			package = 71880EA32E6DDE0A003DE6DE /* XCRemoteSwiftPackageReference "supabase-swift" */;
			productName = Supabase;
		};
		71B59EEC2E90768B00B3F65B /* FirebaseAnalytics */ = {
			isa = XCSwiftPackageProductDependency;
			package = 71B59EEB2E90768B00B3F65B /* XCRemoteSwiftPackageReference "firebase-ios-sdk" */;
			productName = FirebaseAnalytics;
		};
		71B59EEE2E90768B00B3F65B /* FirebaseInAppMessaging-Beta */ = {
			isa = XCSwiftPackageProductDependency;
			package = 71B59EEB2E90768B00B3F65B /* XCRemoteSwiftPackageReference "firebase-ios-sdk" */;
			productName = "FirebaseInAppMessaging-Beta";
		};
		71B59EF02E90768B00B3F65B /* FirebaseMessaging */ = {
			isa = XCSwiftPackageProductDependency;
			package = 71B59EEB2E90768B00B3F65B /* XCRemoteSwiftPackageReference "firebase-ios-sdk" */;
			productName = FirebaseMessaging;
		};
/* End XCSwiftPackageProductDependency section */
	};
	rootObject = 7111C8372E663F6F0023BA6F /* Project object */;
}
